# This file is automatically @generated by Cargo.
# It is not intended for manual editing.
version = 4

[[package]]
name = "telnet_pit"
version = "0.1.0"
dependencies = [
 "telnet_server",
]

[[package]]
name = "telnet_server"
version = "0.0.1"
source = "git+https://github.com/its-laika/telnet_server.git#36b263dd700a969ec43323322ac24339dec145e8"
